PODS:
  - GoogleAds-IMA-tvOS-SDK (4.6.1)

DEPENDENCIES:
  - GoogleAds-IMA-tvOS-SDK (~> 4.6.1)

SPEC REPOS:
  https://github.com/CocoaPods/Specs.git:
    - GoogleAds-IMA-tvOS-SDK

SPEC CHECKSUMS:
  GoogleAds-IMA-tvOS-SDK: 86df385a513f50a9deb0b37e35f1478089ce5158

PODFILE CHECKSUM: cca8058f3be6efb9a542691071f2fbdf738c15e3

COCOAPODS: 1.11.3
